
Microsoft Visual Studio Solution File, Format Version 12.00
# Visual Studio Version 16
VisualStudioVersion = 16.0.30523.141
MinimumVisualStudioVersion = 10.0.40219.1
Project("{FAE04EC0-301F-11D3-BF4B-00C04F79EFBC}") = "fas1", "fas1.csproj", "{1F22C740-2725-4B70-86FD-DFA8E6BCB4D9}"
EndProject
Global
	GlobalSection(SolutionConfigurationPlatforms) = preSolution
		Debug|Any CPU = Debug|Any CPU
		Release|Any CPU = Release|Any CPU
	EndGlobalSection
	GlobalSection(ProjectConfigurationPlatforms) = postSolution
		{1F22C740-2725-4B70-86FD-DFA8E6BCB4D9}.Debug|Any CPU.ActiveCfg = Debug|Any CPU
		{1F22C740-2725-4B70-86FD-DFA8E6BCB4D9}.Debug|Any CPU.Build.0 = Debug|Any CPU
		{1F22C740-2725-4B70-86FD-DFA8E6BCB4D9}.Release|Any CPU.ActiveCfg = Release|Any CPU
		{1F22C740-2725-4B70-86FD-DFA8E6BCB4D9}.Release|Any CPU.Build.0 = Release|Any CPU
	EndGlobalSection
	GlobalSection(SolutionProperties) = preSolution
		HideSolutionNode = FALSE
	EndGlobalSection
	GlobalSection(ExtensibilityGlobals) = postSolution
		SolutionGuid = {0231769E-3020-4B74-BE7F-9038B8F732DB}
	EndGlobalSection
EndGlobal
